
Microsoft Visual Studio Solution File, Format Version 12.00
# Visual Studio Version 17
VisualStudioVersion = 17.6.33829.357
MinimumVisualStudioVersion = 10.0.40219.1
Project("{FAE04EC0-301F-11D3-BF4B-00C04F79EFBC}") = "Crystal", "Crystal\Crystal.csproj", "{11687851-29FF-4489-93A7-23965B0F5FF1}"
EndProject
Global
	GlobalSection(SolutionConfigurationPlatforms) = preSolution
		Debug|Any CPU = Debug|Any CPU
		Release|Any CPU = Release|Any CPU
	EndGlobalSection
	GlobalSection(ProjectConfigurationPlatforms) = postSolution
		{11687851-29FF-4489-93A7-23965B0F5FF1}.Debug|Any CPU.ActiveCfg = Debug|Any CPU
		{11687851-29FF-4489-93A7-23965B0F5FF1}.Debug|Any CPU.Build.0 = Debug|Any CPU
		{11687851-29FF-4489-93A7-23965B0F5FF1}.Release|Any CPU.ActiveCfg = Release|Any CPU
		{11687851-29FF-4489-93A7-23965B0F5FF1}.Release|Any CPU.Build.0 = Release|Any CPU
	EndGlobalSection
	GlobalSection(SolutionProperties) = preSolution
		HideSolutionNode = FALSE
	EndGlobalSection
	GlobalSection(ExtensibilityGlobals) = postSolution
		SolutionGuid = {2FFFFEBD-58AB-4627-A636-DE2668D4A0A1}
	EndGlobalSection
EndGlobal
